<?xml version="1.0" encoding="utf-8"?>
<Project ToolsVersion="4.0" xmlns="http://schemas.microsoft.com/developer/msbuild/2003">
  <ItemGroup>
    <Filter Include="Quelldateien">
      <UniqueIdentifier>{4FC737F1-C7A5-4376-A066-2A32D752A2FF}</UniqueIdentifier>
      <Extensions>cpp;c;cc;cxx;c++;def;odl;idl;hpj;bat;asm;asmx</Extensions>
    </Filter>
    <Filter Include="Headerdateien">
      <UniqueIdentifier>{93995380-89BD-4b04-88EB-625FBE52EBFB}</UniqueIdentifier>
      <Extensions>h;hh;hpp;hxx;h++;hm;inl;inc;ipp;xsd</Extensions>
    </Filter>
    <Filter Include="Ressourcendateien">
      <UniqueIdentifier>{67DA6AB6-F800-4c08-8B7A-83BB121AAD01}</UniqueIdentifier>
      <Extensions>rc;ico;cur;bmp;dlg;rc2;rct;bin;rgs;gif;jpg;jpeg;jpe;resx;tiff;tif;png;wav;mfcribbon-ms</Extensions>
    </Filter>
    <Filter Include="Headerdateien\JSerialize">
      <UniqueIdentifier>{34851cfe-de95-4175-8a12-de4e4b01a450}</UniqueIdentifier>
    </Filter>
    <Filter Include="Quelldateien\JSerialize">
      <UniqueIdentifier>{58bd95cf-8616-403b-b4cf-09a9cfc79d89}</UniqueIdentifier>
    </Filter>
    <Filter Include="Headerdateien\JSerialize\Dependencies">
      <UniqueIdentifier>{0b861e42-abdb-4965-bc62-57745f54be7a}</UniqueIdentifier>
    </Filter>
  </ItemGroup>
  <ItemGroup>
    <ClCompile Include="Main.cpp">
      <Filter>Quelldateien</Filter>
    </ClCompile>
    <ClCompile Include="JSerialize\JSerialize.cpp">
      <Filter>Quelldateien\JSerialize</Filter>
    </ClCompile>
  </ItemGroup>
  <ItemGroup>
    <ClInclude Include="JSerialize\JSerialize.hpp">
      <Filter>Headerdateien\JSerialize</Filter>
    </ClInclude>
    <ClInclude Include="JSerialize\Dependencies\json.hpp">
      <Filter>Headerdateien\JSerialize\Dependencies</Filter>
    </ClInclude>
    <ClInclude Include="Example.hpp">
      <Filter>Headerdateien</Filter>
    </ClInclude>
    <ClInclude Include="JSerialize\Types.hpp">
      <Filter>Headerdateien\JSerialize</Filter>
    </ClInclude>
  </ItemGroup>
</Project>